
Microsoft Visual Studio Solution File, Format Version 11.00
# Visual Studio 2010
Project("{FAE04EC0-301F-11D3-BF4B-00C04F79EFBC}") = "BazAr", "newaprashka\BazAr.csproj", "{E756C2DD-AD5F-4B44-AC70-F8B0BAA0C7CB}"
EndProject
Project("{2150E333-8FDC-42A3-9474-1A3956D46DE8}") = "QSLibs", "QSLibs", "{3E32171D-7CBA-42A7-BA47-986C7E9D90D8}"
EndProject
Project("{FAE04EC0-301F-11D3-BF4B-00C04F79EFBC}") = "QSProjectsLib", "QSProjects\QSProjectsLib\QSProjectsLib.csproj", "{A6C1914F-7732-49F5-BABA-8BBBA521FAAB}"
EndProject
Project("{FAE04EC0-301F-11D3-BF4B-00C04F79EFBC}") = "QSSaaS", "QSProjects\QSSaaS\QSSaaS.csproj", "{4B502FE5-D419-4B5C-9276-0A25EF2F508A}"
EndProject
Project("{FAE04EC0-301F-11D3-BF4B-00C04F79EFBC}") = "QSWidgetLib", "QSProjects\QSWidgetLib\QSWidgetLib.csproj", "{5A2BB01E-E124-432E-8099-D1343D3897B9}"
EndProject
Project("{2150E333-8FDC-42A3-9474-1A3956D46DE8}") = "External", "External", "{AFFCA6F8-CCF9-4B04-86ED-EDC547F64E0D}"
EndProject
Project("{2150E333-8FDC-42A3-9474-1A3956D46DE8}") = "GammaBinding", "GammaBinding", "{39AA77A8-620A-490E-81B1-F7526E9C1AE1}"
EndProject
Project("{FAE04EC0-301F-11D3-BF4B-00C04F79EFBC}") = "System.Data.Bindings", "Gtk.DataBindings\System.Data.Bindings\System.Data.Bindings.csproj", "{54F958F5-7E58-4C89-9A04-8835E63B97C3}"
EndProject
Project("{FAE04EC0-301F-11D3-BF4B-00C04F79EFBC}") = "QS.Updater.Gtk", "QSProjects\QS.Updater.Gtk\QS.Updater.Gtk.csproj", "{6D755374-6EAF-44B6-8C6C-6FE5E5AB3432}"
EndProject
Project("{FAE04EC0-301F-11D3-BF4B-00C04F79EFBC}") = "QS.Project.Gtk", "QSProjects\QS.Project.Gtk\QS.Project.Gtk.csproj", "{3C0F3944-CBD5-4BD6-83D4-CF33AD6FC68C}"
EndProject
Project("{FAE04EC0-301F-11D3-BF4B-00C04F79EFBC}") = "QS.Project", "QSProjects\QS.Project\QS.Project.csproj", "{28A78143-42E3-40E7-86F5-DD7E1679BE86}"
EndProject
Project("{FAE04EC0-301F-11D3-BF4B-00C04F79EFBC}") = "QS.Updater", "QSProjects\QS.Updater\QS.Updater.csproj", "{0F2A9FD4-6FC1-4912-9C8A-72028305A37E}"
EndProject
Project("{FAE04EC0-301F-11D3-BF4B-00C04F79EFBC}") = "QS.Utilities", "QSProjects\QS.Utilities\QS.Utilities.csproj", "{E2228A2B-4883-4DD8-8A05-23501F7B8A33}"
EndProject
Project("{FAE04EC0-301F-11D3-BF4B-00C04F79EFBC}") = "QS.MachineConfig", "QSProjects\QS.MachineConfig\QS.MachineConfig.csproj", "{769710D2-BF98-4120-9E07-67BD740CFA1D}"
EndProject
Project("{FAE04EC0-301F-11D3-BF4B-00C04F79EFBC}") = "QS.Project.Core", "QSProjects\QS.Project.Core\QS.Project.Core.csproj", "{C01AE5A4-3CFF-4C7B-884D-45B07ACDE761}"
EndProject
Project("{FAE04EC0-301F-11D3-BF4B-00C04F79EFBC}") = "QS.Updater.Core", "QSProjects\QS.Updater.Core\QS.Updater.Core.csproj", "{BC159BA7-EF22-4800-AC34-DE4B2B386AAE}"
EndProject
Project("{FAE04EC0-301F-11D3-BF4B-00C04F79EFBC}") = "QS.Project.Desktop", "QSProjects\QS.Project.Desktop\QS.Project.Desktop.csproj", "{5EF2A7DA-3886-4809-95DF-880BD783A211}"
EndProject
Project("{FAE04EC0-301F-11D3-BF4B-00C04F79EFBC}") = "Gamma.Utilities", "QSProjects\Binding\Gamma.Utilities\Gamma.Utilities.csproj", "{1BF2A638-420D-456C-96A7-36873A0FB894}"
EndProject
Project("{FAE04EC0-301F-11D3-BF4B-00C04F79EFBC}") = "Gamma.Binding", "QSProjects\Binding\Gamma.Binding\Gamma.Binding.csproj", "{190CEA0D-EA23-4C91-8030-203A5AFED7B7}"
EndProject
Project("{FAE04EC0-301F-11D3-BF4B-00C04F79EFBC}") = "Gamma.Utilities.Gtk", "QSProjects\Binding\Gamma.Utilities.Gtk\Gamma.Utilities.Gtk.csproj", "{5735D438-792E-40CE-BAFD-25814C8879BC}"
EndProject
Global
	GlobalSection(SolutionConfigurationPlatforms) = preSolution
		Debug|x86 = Debug|x86
		Release|x86 = Release|x86
	EndGlobalSection
	GlobalSection(ProjectConfigurationPlatforms) = postSolution
		{4B502FE5-D419-4B5C-9276-0A25EF2F508A}.Debug|x86.ActiveCfg = Debug|x86
		{4B502FE5-D419-4B5C-9276-0A25EF2F508A}.Debug|x86.Build.0 = Debug|x86
		{4B502FE5-D419-4B5C-9276-0A25EF2F508A}.Release|x86.ActiveCfg = Release|x86
		{4B502FE5-D419-4B5C-9276-0A25EF2F508A}.Release|x86.Build.0 = Release|x86
		{54F958F5-7E58-4C89-9A04-8835E63B97C3}.Debug|x86.ActiveCfg = Debug|Any CPU
		{54F958F5-7E58-4C89-9A04-8835E63B97C3}.Debug|x86.Build.0 = Debug|Any CPU
		{54F958F5-7E58-4C89-9A04-8835E63B97C3}.Release|x86.ActiveCfg = Release|Any CPU
		{54F958F5-7E58-4C89-9A04-8835E63B97C3}.Release|x86.Build.0 = Release|Any CPU
		{5A2BB01E-E124-432E-8099-D1343D3897B9}.Debug|x86.ActiveCfg = Debug|Any CPU
		{5A2BB01E-E124-432E-8099-D1343D3897B9}.Debug|x86.Build.0 = Debug|Any CPU
		{5A2BB01E-E124-432E-8099-D1343D3897B9}.Release|x86.ActiveCfg = Release|Any CPU
		{5A2BB01E-E124-432E-8099-D1343D3897B9}.Release|x86.Build.0 = Release|Any CPU
		{A6C1914F-7732-49F5-BABA-8BBBA521FAAB}.Debug|x86.ActiveCfg = Debug|Any CPU
		{A6C1914F-7732-49F5-BABA-8BBBA521FAAB}.Debug|x86.Build.0 = Debug|Any CPU
		{A6C1914F-7732-49F5-BABA-8BBBA521FAAB}.Release|x86.ActiveCfg = Release|Any CPU
		{A6C1914F-7732-49F5-BABA-8BBBA521FAAB}.Release|x86.Build.0 = Release|Any CPU
		{E756C2DD-AD5F-4B44-AC70-F8B0BAA0C7CB}.Debug|x86.ActiveCfg = Debug|x86
		{E756C2DD-AD5F-4B44-AC70-F8B0BAA0C7CB}.Debug|x86.Build.0 = Debug|x86
		{E756C2DD-AD5F-4B44-AC70-F8B0BAA0C7CB}.Release|x86.ActiveCfg = Release|x86
		{E756C2DD-AD5F-4B44-AC70-F8B0BAA0C7CB}.Release|x86.Build.0 = Release|x86
		{6D755374-6EAF-44B6-8C6C-6FE5E5AB3432}.Debug|x86.ActiveCfg = Debug|x86
		{6D755374-6EAF-44B6-8C6C-6FE5E5AB3432}.Debug|x86.Build.0 = Debug|x86
		{6D755374-6EAF-44B6-8C6C-6FE5E5AB3432}.Release|x86.ActiveCfg = Release|x86
		{6D755374-6EAF-44B6-8C6C-6FE5E5AB3432}.Release|x86.Build.0 = Release|x86
		{3C0F3944-CBD5-4BD6-83D4-CF33AD6FC68C}.Debug|x86.ActiveCfg = Debug|Any CPU
		{3C0F3944-CBD5-4BD6-83D4-CF33AD6FC68C}.Debug|x86.Build.0 = Debug|Any CPU
		{3C0F3944-CBD5-4BD6-83D4-CF33AD6FC68C}.Release|x86.ActiveCfg = Release|Any CPU
		{3C0F3944-CBD5-4BD6-83D4-CF33AD6FC68C}.Release|x86.Build.0 = Release|Any CPU
		{28A78143-42E3-40E7-86F5-DD7E1679BE86}.Debug|x86.ActiveCfg = Debug|Any CPU
		{28A78143-42E3-40E7-86F5-DD7E1679BE86}.Debug|x86.Build.0 = Debug|Any CPU
		{28A78143-42E3-40E7-86F5-DD7E1679BE86}.Release|x86.ActiveCfg = Release|Any CPU
		{28A78143-42E3-40E7-86F5-DD7E1679BE86}.Release|x86.Build.0 = Release|Any CPU
		{0F2A9FD4-6FC1-4912-9C8A-72028305A37E}.Debug|x86.ActiveCfg = Debug|Any CPU
		{0F2A9FD4-6FC1-4912-9C8A-72028305A37E}.Debug|x86.Build.0 = Debug|Any CPU
		{0F2A9FD4-6FC1-4912-9C8A-72028305A37E}.Release|x86.ActiveCfg = Release|Any CPU
		{0F2A9FD4-6FC1-4912-9C8A-72028305A37E}.Release|x86.Build.0 = Release|Any CPU
		{E2228A2B-4883-4DD8-8A05-23501F7B8A33}.Debug|x86.ActiveCfg = Debug|Any CPU
		{E2228A2B-4883-4DD8-8A05-23501F7B8A33}.Debug|x86.Build.0 = Debug|Any CPU
		{E2228A2B-4883-4DD8-8A05-23501F7B8A33}.Release|x86.ActiveCfg = Release|Any CPU
		{E2228A2B-4883-4DD8-8A05-23501F7B8A33}.Release|x86.Build.0 = Release|Any CPU
		{769710D2-BF98-4120-9E07-67BD740CFA1D}.Debug|x86.ActiveCfg = Debug|Any CPU
		{769710D2-BF98-4120-9E07-67BD740CFA1D}.Debug|x86.Build.0 = Debug|Any CPU
		{769710D2-BF98-4120-9E07-67BD740CFA1D}.Release|x86.ActiveCfg = Release|Any CPU
		{769710D2-BF98-4120-9E07-67BD740CFA1D}.Release|x86.Build.0 = Release|Any CPU
		{C01AE5A4-3CFF-4C7B-884D-45B07ACDE761}.Debug|x86.ActiveCfg = Debug|Any CPU
		{C01AE5A4-3CFF-4C7B-884D-45B07ACDE761}.Debug|x86.Build.0 = Debug|Any CPU
		{C01AE5A4-3CFF-4C7B-884D-45B07ACDE761}.Release|x86.ActiveCfg = Release|Any CPU
		{C01AE5A4-3CFF-4C7B-884D-45B07ACDE761}.Release|x86.Build.0 = Release|Any CPU
		{BC159BA7-EF22-4800-AC34-DE4B2B386AAE}.Debug|x86.ActiveCfg = Debug|Any CPU
		{BC159BA7-EF22-4800-AC34-DE4B2B386AAE}.Debug|x86.Build.0 = Debug|Any CPU
		{BC159BA7-EF22-4800-AC34-DE4B2B386AAE}.Release|x86.ActiveCfg = Release|Any CPU
		{BC159BA7-EF22-4800-AC34-DE4B2B386AAE}.Release|x86.Build.0 = Release|Any CPU
		{5EF2A7DA-3886-4809-95DF-880BD783A211}.Debug|x86.ActiveCfg = Debug|Any CPU
		{5EF2A7DA-3886-4809-95DF-880BD783A211}.Debug|x86.Build.0 = Debug|Any CPU
		{5EF2A7DA-3886-4809-95DF-880BD783A211}.Release|x86.ActiveCfg = Release|Any CPU
		{5EF2A7DA-3886-4809-95DF-880BD783A211}.Release|x86.Build.0 = Release|Any CPU
		{1BF2A638-420D-456C-96A7-36873A0FB894}.Debug|x86.ActiveCfg = Debug|Any CPU
		{1BF2A638-420D-456C-96A7-36873A0FB894}.Debug|x86.Build.0 = Debug|Any CPU
		{1BF2A638-420D-456C-96A7-36873A0FB894}.Release|x86.ActiveCfg = Release|Any CPU
		{1BF2A638-420D-456C-96A7-36873A0FB894}.Release|x86.Build.0 = Release|Any CPU
		{190CEA0D-EA23-4C91-8030-203A5AFED7B7}.Debug|x86.ActiveCfg = Debug|Any CPU
		{190CEA0D-EA23-4C91-8030-203A5AFED7B7}.Debug|x86.Build.0 = Debug|Any CPU
		{190CEA0D-EA23-4C91-8030-203A5AFED7B7}.Release|x86.ActiveCfg = Release|Any CPU
		{190CEA0D-EA23-4C91-8030-203A5AFED7B7}.Release|x86.Build.0 = Release|Any CPU
		{5735D438-792E-40CE-BAFD-25814C8879BC}.Debug|x86.ActiveCfg = Debug|Any CPU
		{5735D438-792E-40CE-BAFD-25814C8879BC}.Debug|x86.Build.0 = Debug|Any CPU
		{5735D438-792E-40CE-BAFD-25814C8879BC}.Release|x86.ActiveCfg = Release|Any CPU
		{5735D438-792E-40CE-BAFD-25814C8879BC}.Release|x86.Build.0 = Release|Any CPU
	EndGlobalSection
	GlobalSection(NestedProjects) = preSolution
		{A6C1914F-7732-49F5-BABA-8BBBA521FAAB} = {3E32171D-7CBA-42A7-BA47-986C7E9D90D8}
		{4B502FE5-D419-4B5C-9276-0A25EF2F508A} = {3E32171D-7CBA-42A7-BA47-986C7E9D90D8}
		{5A2BB01E-E124-432E-8099-D1343D3897B9} = {3E32171D-7CBA-42A7-BA47-986C7E9D90D8}
		{39AA77A8-620A-490E-81B1-F7526E9C1AE1} = {AFFCA6F8-CCF9-4B04-86ED-EDC547F64E0D}
		{54F958F5-7E58-4C89-9A04-8835E63B97C3} = {39AA77A8-620A-490E-81B1-F7526E9C1AE1}
		{6D755374-6EAF-44B6-8C6C-6FE5E5AB3432} = {3E32171D-7CBA-42A7-BA47-986C7E9D90D8}
		{3C0F3944-CBD5-4BD6-83D4-CF33AD6FC68C} = {3E32171D-7CBA-42A7-BA47-986C7E9D90D8}
		{28A78143-42E3-40E7-86F5-DD7E1679BE86} = {3E32171D-7CBA-42A7-BA47-986C7E9D90D8}
		{0F2A9FD4-6FC1-4912-9C8A-72028305A37E} = {3E32171D-7CBA-42A7-BA47-986C7E9D90D8}
		{E2228A2B-4883-4DD8-8A05-23501F7B8A33} = {3E32171D-7CBA-42A7-BA47-986C7E9D90D8}
		{769710D2-BF98-4120-9E07-67BD740CFA1D} = {3E32171D-7CBA-42A7-BA47-986C7E9D90D8}
		{C01AE5A4-3CFF-4C7B-884D-45B07ACDE761} = {3E32171D-7CBA-42A7-BA47-986C7E9D90D8}
		{BC159BA7-EF22-4800-AC34-DE4B2B386AAE} = {3E32171D-7CBA-42A7-BA47-986C7E9D90D8}
		{5EF2A7DA-3886-4809-95DF-880BD783A211} = {3E32171D-7CBA-42A7-BA47-986C7E9D90D8}
		{1BF2A638-420D-456C-96A7-36873A0FB894} = {39AA77A8-620A-490E-81B1-F7526E9C1AE1}
		{190CEA0D-EA23-4C91-8030-203A5AFED7B7} = {39AA77A8-620A-490E-81B1-F7526E9C1AE1}
		{5735D438-792E-40CE-BAFD-25814C8879BC} = {39AA77A8-620A-490E-81B1-F7526E9C1AE1}
	EndGlobalSection
	GlobalSection(MonoDevelopProperties) = preSolution
		Policies = $0
		$0.TextStylePolicy = $1
		$1.scope = text/plain
		$0.TextStylePolicy = $2
		$2.NoTabsAfterNonTabs = True
		$2.scope = text/x-csharp
		$0.CSharpFormattingPolicy = $3
		$3.AlignToFirstMethodCallArgument = True
		$3.AlignToFirstIndexerArgument = True
		$3.scope = text/x-csharp
		$3.IndentSwitchSection = False
		$3.NewLinesForBracesInProperties = False
		$3.NewLinesForBracesInAccessors = False
		$3.NewLinesForBracesInAnonymousMethods = False
		$3.NewLinesForBracesInControlBlocks = False
		$3.NewLinesForBracesInAnonymousTypes = False
		$3.NewLinesForBracesInObjectCollectionArrayInitializers = False
		$3.NewLinesForBracesInLambdaExpressionBody = False
		$3.NewLineForElse = False
		$3.NewLineForCatch = False
		$3.NewLineForFinally = False
		$3.NewLineForMembersInObjectInit = False
		$3.NewLineForMembersInAnonymousTypes = False
		$3.NewLineForClausesInQuery = False
		$3.SpacingAfterMethodDeclarationName = True
		$3.SpaceAfterMethodCallName = True
		$3.SpaceBeforeOpenSquareBracket = True
		$0.StandardHeader = $4
		$0.VersionControlPolicy = $5
		$0.ChangeLogPolicy = $6
		$6.UpdateMode = None
		$6.MessageStyle = $7
		$7.LineAlign = 0
		$6.inheritsSet = Mono
		$0.DotNetNamingPolicy = $8
		$0.NameConventionPolicy = $9
		$9.Rules = $10
		$10.NamingRule = $11
		$11.Name = Namespaces
		$11.AffectedEntity = Namespace
		$11.VisibilityMask = VisibilityMask
		$11.NamingStyle = PascalCase
		$11.IncludeInstanceMembers = True
		$11.IncludeStaticEntities = True
		$10.NamingRule = $12
		$12.Name = Types
		$12.AffectedEntity = Class, Struct, Enum, Delegate
		$12.VisibilityMask = Public
		$12.NamingStyle = PascalCase
		$12.IncludeInstanceMembers = True
		$12.IncludeStaticEntities = True
		$10.NamingRule = $13
		$13.Name = Interfaces
		$13.RequiredPrefixes = $14
		$14.String = I
		$13.AffectedEntity = Interface
		$13.VisibilityMask = Public
		$13.NamingStyle = PascalCase
		$13.IncludeInstanceMembers = True
		$13.IncludeStaticEntities = True
		$10.NamingRule = $15
		$15.Name = Attributes
		$15.RequiredSuffixes = $16
		$16.String = Attribute
		$15.AffectedEntity = CustomAttributes
		$15.VisibilityMask = Public
		$15.NamingStyle = PascalCase
		$15.IncludeInstanceMembers = True
		$15.IncludeStaticEntities = True
		$10.NamingRule = $17
		$17.Name = Event Arguments
		$17.RequiredSuffixes = $18
		$18.String = EventArgs
		$17.AffectedEntity = CustomEventArgs
		$17.VisibilityMask = Public
		$17.NamingStyle = PascalCase
		$17.IncludeInstanceMembers = True
		$17.IncludeStaticEntities = True
		$10.NamingRule = $19
		$19.Name = Exceptions
		$19.RequiredSuffixes = $20
		$20.String = Exception
		$19.AffectedEntity = CustomExceptions
		$19.VisibilityMask = VisibilityMask
		$19.NamingStyle = PascalCase
		$19.IncludeInstanceMembers = True
		$19.IncludeStaticEntities = True
		$10.NamingRule = $21
		$21.Name = Methods
		$21.AffectedEntity = Methods
		$21.VisibilityMask = Protected, Public
		$21.NamingStyle = PascalCase
		$21.IncludeInstanceMembers = True
		$21.IncludeStaticEntities = True
		$10.NamingRule = $22
		$22.Name = Static Readonly Fields
		$22.AffectedEntity = ReadonlyField
		$22.VisibilityMask = Protected, Public
		$22.NamingStyle = PascalCase
		$22.IncludeInstanceMembers = False
		$22.IncludeStaticEntities = True
		$10.NamingRule = $23
		$23.Name = Fields
		$23.AffectedEntity = Field
		$23.VisibilityMask = Protected, Public
		$23.NamingStyle = PascalCase
		$23.IncludeInstanceMembers = True
		$23.IncludeStaticEntities = True
		$10.NamingRule = $24
		$24.Name = ReadOnly Fields
		$24.AffectedEntity = ReadonlyField
		$24.VisibilityMask = Protected, Public
		$24.NamingStyle = PascalCase
		$24.IncludeInstanceMembers = True
		$24.IncludeStaticEntities = False
		$10.NamingRule = $25
		$25.Name = Constant Fields
		$25.AffectedEntity = ConstantField
		$25.VisibilityMask = Protected, Public
		$25.NamingStyle = PascalCase
		$25.IncludeInstanceMembers = True
		$25.IncludeStaticEntities = True
		$10.NamingRule = $26
		$26.Name = Properties
		$26.AffectedEntity = Property
		$26.VisibilityMask = Protected, Public
		$26.NamingStyle = PascalCase
		$26.IncludeInstanceMembers = True
		$26.IncludeStaticEntities = True
		$10.NamingRule = $27
		$27.Name = Events
		$27.AffectedEntity = Event
		$27.VisibilityMask = Protected, Public
		$27.NamingStyle = PascalCase
		$27.IncludeInstanceMembers = True
		$27.IncludeStaticEntities = True
		$10.NamingRule = $28
		$28.Name = Enum Members
		$28.AffectedEntity = EnumMember
		$28.VisibilityMask = VisibilityMask
		$28.NamingStyle = PascalCase
		$28.IncludeInstanceMembers = True
		$28.IncludeStaticEntities = True
		$10.NamingRule = $29
		$29.Name = Parameters
		$29.AffectedEntity = Parameter
		$29.VisibilityMask = VisibilityMask
		$29.NamingStyle = CamelCase
		$29.IncludeInstanceMembers = True
		$29.IncludeStaticEntities = True
		$10.NamingRule = $30
		$30.Name = Type Parameters
		$30.RequiredPrefixes = $31
		$31.String = T
		$30.AffectedEntity = TypeParameter
		$30.VisibilityMask = VisibilityMask
		$30.NamingStyle = PascalCase
		$30.IncludeInstanceMembers = True
		$30.IncludeStaticEntities = True
		$0.TextStylePolicy = $32
		$32.inheritsSet = null
		$32.scope = application/xml
		$0.XmlFormattingPolicy = $33
		$33.scope = application/xml
		version = 2.2
	EndGlobalSection
EndGlobal
